// !$*UTF8*$!
{
	archiveVersion = 1;
	classes = {
	};
	objectVersion = 50;
	objects = {

/* Begin PBXBuildFile section */
		8F91969A251B99A200961E1A /* AppDelegate.swift in Sources */ = {isa = PBXBuildFile; fileRef = 8F919699251B99A200961E1A /* AppDelegate.swift */; };
		8F91969C251B99A200961E1A /* SceneDelegate.swift in Sources */ = {isa = PBXBuildFile; fileRef = 8F91969B251B99A200961E1A /* SceneDelegate.swift */; };
		8F91969E251B99A200961E1A /* NotesViewController.swift in Sources */ = {isa = PBXBuildFile; fileRef = 8F91969D251B99A200961E1A /* NotesViewController.swift */; };
		8F9196A1251B99A200961E1A /* Main.storyboard in Resources */ = {isa = PBXBuildFile; fileRef = 8F91969F251B99A200961E1A /* Main.storyboard */; };
		8F9196A4251B99A200961E1A /* IniNotesV3.xcdatamodeld in Sources */ = {isa = PBXBuildFile; fileRef = 8F9196A2251B99A200961E1A /* IniNotesV3.xcdatamodeld */; };
		8F9196A6251B99A500961E1A /* Assets.xcassets in Resources */ = {isa = PBXBuildFile; fileRef = 8F9196A5251B99A500961E1A /* Assets.xcassets */; };
		8F9196A9251B99A500961E1A /* LaunchScreen.storyboard in Resources */ = {isa = PBXBuildFile; fileRef = 8F9196A7251B99A500961E1A /* LaunchScreen.storyboard */; };
		8F9196B4251B9A7800961E1A /* Notes+CoreDataClass.swift in Sources */ = {isa = PBXBuildFile; fileRef = 8F9196B2251B9A7800961E1A /* Notes+CoreDataClass.swift */; };
		8F9196B5251B9A7800961E1A /* Notes+CoreDataProperties.swift in Sources */ = {isa = PBXBuildFile; fileRef = 8F9196B3251B9A7800961E1A /* Notes+CoreDataProperties.swift */; };
		8F9196B8251B9F6F00961E1A /* OperationViewController.swift in Sources */ = {isa = PBXBuildFile; fileRef = 8F9196B7251B9F6F00961E1A /* OperationViewController.swift */; };
		8F9196BA251BA32300961E1A /* Utilities.swift in Sources */ = {isa = PBXBuildFile; fileRef = 8F9196B9251BA32300961E1A /* Utilities.swift */; };
		8F9196BD251BA57E00961E1A /* Validation.swift in Sources */ = {isa = PBXBuildFile; fileRef = 8F9196BC251BA57E00961E1A /* Validation.swift */; };
		8F9196BF251BB51800961E1A /* Operations.swift in Sources */ = {isa = PBXBuildFile; fileRef = 8F9196BE251BB51800961E1A /* Operations.swift */; };
		8F9196C1251BBDA100961E1A /* Alert.swift in Sources */ = {isa = PBXBuildFile; fileRef = 8F9196C0251BBDA100961E1A /* Alert.swift */; };
/* End PBXBuildFile section */

/* Begin PBXFileReference section */
		8F919696251B99A200961E1A /* IniNotesV3.app */ = {isa = PBXFileReference; explicitFileType = wrapper.application; includeInIndex = 0; path = IniNotesV3.app; sourceTree = BUILT_PRODUCTS_DIR; };
		8F919699251B99A200961E1A /* AppDelegate.swift */ = {isa = PBXFileReference; lastKnownFileType = sourcecode.swift; path = AppDelegate.swift; sourceTree = "<group>"; };
		8F91969B251B99A200961E1A /* SceneDelegate.swift */ = {isa = PBXFileReference; lastKnownFileType = sourcecode.swift; path = SceneDelegate.swift; sourceTree = "<group>"; };
		8F91969D251B99A200961E1A /* NotesViewController.swift */ = {isa = PBXFileReference; lastKnownFileType = sourcecode.swift; path = NotesViewController.swift; sourceTree = "<group>"; };
		8F9196A0251B99A200961E1A /* Base */ = {isa = PBXFileReference; lastKnownFileType = file.storyboard; name = Base; path = Base.lproj/Main.storyboard; sourceTree = "<group>"; };
		8F9196A3251B99A200961E1A /* IniNotesV3.xcdatamodel */ = {isa = PBXFileReference; lastKnownFileType = wrapper.xcdatamodel; path = IniNotesV3.xcdatamodel; sourceTree = "<group>"; };
		8F9196A5251B99A500961E1A /* Assets.xcassets */ = {isa = PBXFileReference; lastKnownFileType = folder.assetcatalog; path = Assets.xcassets; sourceTree = "<group>"; };
		8F9196A8251B99A500961E1A /* Base */ = {isa = PBXFileReference; lastKnownFileType = file.storyboard; name = Base; path = Base.lproj/LaunchScreen.storyboard; sourceTree = "<group>"; };
		8F9196AA251B99A500961E1A /* Info.plist */ = {isa = PBXFileReference; lastKnownFileType = text.plist.xml; path = Info.plist; sourceTree = "<group>"; };
		8F9196B2251B9A7800961E1A /* Notes+CoreDataClass.swift */ = {isa = PBXFileReference; lastKnownFileType = sourcecode.swift; path = "Notes+CoreDataClass.swift"; sourceTree = "<group>"; };
		8F9196B3251B9A7800961E1A /* Notes+CoreDataProperties.swift */ = {isa = PBXFileReference; lastKnownFileType = sourcecode.swift; path = "Notes+CoreDataProperties.swift"; sourceTree = "<group>"; };
		8F9196B7251B9F6F00961E1A /* OperationViewController.swift */ = {isa = PBXFileReference; lastKnownFileType = sourcecode.swift; path = OperationViewController.swift; sourceTree = "<group>"; };
		8F9196B9251BA32300961E1A /* Utilities.swift */ = {isa = PBXFileReference; lastKnownFileType = sourcecode.swift; path = Utilities.swift; sourceTree = "<group>"; };
		8F9196BC251BA57E00961E1A /* Validation.swift */ = {isa = PBXFileReference; lastKnownFileType = sourcecode.swift; path = Validation.swift; sourceTree = "<group>"; };
		8F9196BE251BB51800961E1A /* Operations.swift */ = {isa = PBXFileReference; lastKnownFileType = sourcecode.swift; path = Operations.swift; sourceTree = "<group>"; };
		8F9196C0251BBDA100961E1A /* Alert.swift */ = {isa = PBXFileReference; lastKnownFileType = sourcecode.swift; path = Alert.swift; sourceTree = "<group>"; };
/* End PBXFileReference section */

/* Begin PBXFrameworksBuildPhase section */
		8F919693251B99A200961E1A /* Frameworks */ = {
			isa = PBXFrameworksBuildPhase;
			buildActionMask = 2147483647;
			files = (
			);
			runOnlyForDeploymentPostprocessing = 0;
		};
/* End PBXFrameworksBuildPhase section */

/* Begin PBXGroup section */
		8F91968D251B99A200961E1A = {
			isa = PBXGroup;
			children = (
				8F919698251B99A200961E1A /* IniNotesV3 */,
				8F919697251B99A200961E1A /* Products */,
			);
			sourceTree = "<group>";
		};
		8F919697251B99A200961E1A /* Products */ = {
			isa = PBXGroup;
			children = (
				8F919696251B99A200961E1A /* IniNotesV3.app */,
			);
			name = Products;
			sourceTree = "<group>";
		};
		8F919698251B99A200961E1A /* IniNotesV3 */ = {
			isa = PBXGroup;
			children = (
				8FF398BE252064F800A60D78 /* Resources */,
				8F919699251B99A200961E1A /* AppDelegate.swift */,
				8F91969B251B99A200961E1A /* SceneDelegate.swift */,
				8F9196B6251B9A8E00961E1A /* Model Data */,
				8F9196B0251B9A0100961E1A /* Controller */,
				8F9196BB251BA32900961E1A /* Others */,
				8F9196B1251B9A0800961E1A /* View */,
				8F9196A7251B99A500961E1A /* LaunchScreen.storyboard */,
				8F9196AA251B99A500961E1A /* Info.plist */,
			);
			path = IniNotesV3;
			sourceTree = "<group>";
		};
		8F9196B0251B9A0100961E1A /* Controller */ = {
			isa = PBXGroup;
			children = (
				8F91969D251B99A200961E1A /* NotesViewController.swift */,
				8F9196B7251B9F6F00961E1A /* OperationViewController.swift */,
			);
			path = Controller;
			sourceTree = "<group>";
		};
		8F9196B1251B9A0800961E1A /* View */ = {
			isa = PBXGroup;
			children = (
				8F91969F251B99A200961E1A /* Main.storyboard */,
			);
			path = View;
			sourceTree = "<group>";
		};
		8F9196B6251B9A8E00961E1A /* Model Data */ = {
			isa = PBXGroup;
			children = (
				8F9196B2251B9A7800961E1A /* Notes+CoreDataClass.swift */,
				8F9196B3251B9A7800961E1A /* Notes+CoreDataProperties.swift */,
				8F9196A2251B99A200961E1A /* IniNotesV3.xcdatamodeld */,
				8F9196BE251BB51800961E1A /* Operations.swift */,
			);
			path = "Model Data";
			sourceTree = "<group>";
		};
		8F9196BB251BA32900961E1A /* Others */ = {
			isa = PBXGroup;
			children = (
				8F9196B9251BA32300961E1A /* Utilities.swift */,
				8F9196BC251BA57E00961E1A /* Validation.swift */,
				8F9196C0251BBDA100961E1A /* Alert.swift */,
			);
			path = Others;
			sourceTree = "<group>";
		};
		8FF398BE252064F800A60D78 /* Resources */ = {
			isa = PBXGroup;
			children = (
				8FF398BF2520650A00A60D78 /* Images */,
				8F9196A5251B99A500961E1A /* Assets.xcassets */,
			);
			path = Resources;
			sourceTree = "<group>";
		};
		8FF398BF2520650A00A60D78 /* Images */ = {
			isa = PBXGroup;
			children = (
			);
			path = Images;
			sourceTree = "<group>";
		};
/* End PBXGroup section */

/* Begin PBXNativeTarget section */
		8F919695251B99A200961E1A /* IniNotesV3 */ = {
			isa = PBXNativeTarget;
			buildConfigurationList = 8F9196AD251B99A500961E1A /* Build configuration list for PBXNativeTarget "IniNotesV3" */;
			buildPhases = (
				8F919692251B99A200961E1A /* Sources */,
				8F919693251B99A200961E1A /* Frameworks */,
				8F919694251B99A200961E1A /* Resources */,
			);
			buildRules = (
			);
			dependencies = (
			);
			name = IniNotesV3;
			productName = IniNotesV3;
			productReference = 8F919696251B99A200961E1A /* IniNotesV3.app */;
			productType = "com.apple.product-type.application";
		};
/* End PBXNativeTarget section */

/* Begin PBXProject section */
		8F91968E251B99A200961E1A /* Project object */ = {
			isa = PBXProject;
			attributes = {
				LastSwiftUpdateCheck = 1130;
				LastUpgradeCheck = 1130;
				ORGANIZATIONNAME = IndratSaputra;
				TargetAttributes = {
					8F919695251B99A200961E1A = {
						CreatedOnToolsVersion = 11.3;
					};
				};
			};
			buildConfigurationList = 8F919691251B99A200961E1A /* Build configuration list for PBXProject "IniNotesV3" */;
			compatibilityVersion = "Xcode 9.3";
			developmentRegion = en;
			hasScannedForEncodings = 0;
			knownRegions = (
				en,
				Base,
			);
			mainGroup = 8F91968D251B99A200961E1A;
			productRefGroup = 8F919697251B99A200961E1A /* Products */;
			projectDirPath = "";
			projectRoot = "";
			targets = (
				8F919695251B99A200961E1A /* IniNotesV3 */,
			);
		};
/* End PBXProject section */

/* Begin PBXResourcesBuildPhase section */
		8F919694251B99A200961E1A /* Resources */ = {
			isa = PBXResourcesBuildPhase;
			buildActionMask = 2147483647;
			files = (
				8F9196A9251B99A500961E1A /* LaunchScreen.storyboard in Resources */,
				8F9196A6251B99A500961E1A /* Assets.xcassets in Resources */,
				8F9196A1251B99A200961E1A /* Main.storyboard in Resources */,
			);
			runOnlyForDeploymentPostprocessing = 0;
		};
/* End PBXResourcesBuildPhase section */

/* Begin PBXSourcesBuildPhase section */
		8F919692251B99A200961E1A /* Sources */ = {
			isa = PBXSourcesBuildPhase;
			buildActionMask = 2147483647;
			files = (
				8F91969E251B99A200961E1A /* NotesViewController.swift in Sources */,
				8F9196A4251B99A200961E1A /* IniNotesV3.xcdatamodeld in Sources */,
				8F91969A251B99A200961E1A /* AppDelegate.swift in Sources */,
				8F9196B5251B9A7800961E1A /* Notes+CoreDataProperties.swift in Sources */,
				8F9196BD251BA57E00961E1A /* Validation.swift in Sources */,
				8F9196B4251B9A7800961E1A /* Notes+CoreDataClass.swift in Sources */,
				8F91969C251B99A200961E1A /* SceneDelegate.swift in Sources */,
				8F9196BA251BA32300961E1A /* Utilities.swift in Sources */,
				8F9196C1251BBDA100961E1A /* Alert.swift in Sources */,
				8F9196B8251B9F6F00961E1A /* OperationViewController.swift in Sources */,
				8F9196BF251BB51800961E1A /* Operations.swift in Sources */,
			);
			runOnlyForDeploymentPostprocessing = 0;
		};
/* End PBXSourcesBuildPhase section */

/* Begin PBXVariantGroup section */
		8F91969F251B99A200961E1A /* Main.storyboard */ = {
			isa = PBXVariantGroup;
			children = (
				8F9196A0251B99A200961E1A /* Base */,
			);
			name = Main.storyboard;
			sourceTree = "<group>";
		};
		8F9196A7251B99A500961E1A /* LaunchScreen.storyboard */ = {
			isa = PBXVariantGroup;
			children = (
				8F9196A8251B99A500961E1A /* Base */,
			);
			name = LaunchScreen.storyboard;
			sourceTree = "<group>";
		};
/* End PBXVariantGroup section */

/* Begin XCBuildConfiguration section */
		8F9196AB251B99A500961E1A /* Debug */ = {
			isa = XCBuildConfiguration;
			buildSettings = {
				ALWAYS_SEARCH_USER_PATHS = NO;
				CLANG_ANALYZER_NONNULL = YES;
				CLANG_ANALYZER_NUMBER_OBJECT_CONVERSION = YES_AGGRESSIVE;
				CLANG_CXX_LANGUAGE_STANDARD = "gnu++14";
				CLANG_CXX_LIBRARY = "libc++";
				CLANG_ENABLE_MODULES = YES;
				CLANG_ENABLE_OBJC_ARC = YES;
				CLANG_ENABLE_OBJC_WEAK = YES;
				CLANG_WARN_BLOCK_CAPTURE_AUTORELEASING = YES;
				CLANG_WARN_BOOL_CONVERSION = YES;
				CLANG_WARN_COMMA = YES;
				CLANG_WARN_CONSTANT_CONVERSION = YES;
				CLANG_WARN_DEPRECATED_OBJC_IMPLEMENTATIONS = YES;
				CLANG_WARN_DIRECT_OBJC_ISA_USAGE = YES_ERROR;
				CLANG_WARN_DOCUMENTATION_COMMENTS = YES;
				CLANG_WARN_EMPTY_BODY = YES;
				CLANG_WARN_ENUM_CONVERSION = YES;
				CLANG_WARN_INFINITE_RECURSION = YES;
				CLANG_WARN_INT_CONVERSION = YES;
				CLANG_WARN_NON_LITERAL_NULL_CONVERSION = YES;
				CLANG_WARN_OBJC_IMPLICIT_RETAIN_SELF = YES;
				CLANG_WARN_OBJC_LITERAL_CONVERSION = YES;
				CLANG_WARN_OBJC_ROOT_CLASS = YES_ERROR;
				CLANG_WARN_RANGE_LOOP_ANALYSIS = YES;
				CLANG_WARN_STRICT_PROTOTYPES = YES;
				CLANG_WARN_SUSPICIOUS_MOVE = YES;
				CLANG_WARN_UNGUARDED_AVAILABILITY = YES_AGGRESSIVE;
				CLANG_WARN_UNREACHABLE_CODE = YES;
				CLANG_WARN__DUPLICATE_METHOD_MATCH = YES;
				COPY_PHASE_STRIP = NO;
				DEBUG_INFORMATION_FORMAT = dwarf;
				ENABLE_STRICT_OBJC_MSGSEND = YES;
				ENABLE_TESTABILITY = YES;
				GCC_C_LANGUAGE_STANDARD = gnu11;
				GCC_DYNAMIC_NO_PIC = NO;
				GCC_NO_COMMON_BLOCKS = YES;
				GCC_OPTIMIZATION_LEVEL = 0;
				GCC_PREPROCESSOR_DEFINITIONS = (
					"DEBUG=1",
					"$(inherited)",
				);
				GCC_WARN_64_TO_32_BIT_CONVERSION = YES;
				GCC_WARN_ABOUT_RETURN_TYPE = YES_ERROR;
				GCC_WARN_UNDECLARED_SELECTOR = YES;
				GCC_WARN_UNINITIALIZED_AUTOS = YES_AGGRESSIVE;
				GCC_WARN_UNUSED_FUNCTION = YES;
				GCC_WARN_UNUSED_VARIABLE = YES;
				IPHONEOS_DEPLOYMENT_TARGET = 13.2;
				MTL_ENABLE_DEBUG_INFO = INCLUDE_SOURCE;
				MTL_FAST_MATH = YES;
				ONLY_ACTIVE_ARCH = YES;
				SDKROOT = iphoneos;
				SWIFT_ACTIVE_COMPILATION_CONDITIONS = DEBUG;
				SWIFT_OPTIMIZATION_LEVEL = "-Onone";
			};
			name = Debug;
		};
		8F9196AC251B99A500961E1A /* Release */ = {
			isa = XCBuildConfiguration;
			buildSettings = {
				ALWAYS_SEARCH_USER_PATHS = NO;
				CLANG_ANALYZER_NONNULL = YES;
				CLANG_ANALYZER_NUMBER_OBJECT_CONVERSION = YES_AGGRESSIVE;
				CLANG_CXX_LANGUAGE_STANDARD = "gnu++14";
				CLANG_CXX_LIBRARY = "libc++";
				CLANG_ENABLE_MODULES = YES;
				CLANG_ENABLE_OBJC_ARC = YES;
				CLANG_ENABLE_OBJC_WEAK = YES;
				CLANG_WARN_BLOCK_CAPTURE_AUTORELEASING = YES;
				CLANG_WARN_BOOL_CONVERSION = YES;
				CLANG_WARN_COMMA = YES;
				CLANG_WARN_CONSTANT_CONVERSION = YES;
				CLANG_WARN_DEPRECATED_OBJC_IMPLEMENTATIONS = YES;
				CLANG_WARN_DIRECT_OBJC_ISA_USAGE = YES_ERROR;
				CLANG_WARN_DOCUMENTATION_COMMENTS = YES;
				CLANG_WARN_EMPTY_BODY = YES;
				CLANG_WARN_ENUM_CONVERSION = YES;
				CLANG_WARN_INFINITE_RECURSION = YES;
				CLANG_WARN_INT_CONVERSION = YES;
				CLANG_WARN_NON_LITERAL_NULL_CONVERSION = YES;
				CLANG_WARN_OBJC_IMPLICIT_RETAIN_SELF = YES;
				CLANG_WARN_OBJC_LITERAL_CONVERSION = YES;
				CLANG_WARN_OBJC_ROOT_CLASS = YES_ERROR;
				CLANG_WARN_RANGE_LOOP_ANALYSIS = YES;
				CLANG_WARN_STRICT_PROTOTYPES = YES;
				CLANG_WARN_SUSPICIOUS_MOVE = YES;
				CLANG_WARN_UNGUARDED_AVAILABILITY = YES_AGGRESSIVE;
				CLANG_WARN_UNREACHABLE_CODE = YES;
				CLANG_WARN__DUPLICATE_METHOD_MATCH = YES;
				COPY_PHASE_STRIP = NO;
				DEBUG_INFORMATION_FORMAT = "dwarf-with-dsym";
				ENABLE_NS_ASSERTIONS = NO;
				ENABLE_STRICT_OBJC_MSGSEND = YES;
				GCC_C_LANGUAGE_STANDARD = gnu11;
				GCC_NO_COMMON_BLOCKS = YES;
				GCC_WARN_64_TO_32_BIT_CONVERSION = YES;
				GCC_WARN_ABOUT_RETURN_TYPE = YES_ERROR;
				GCC_WARN_UNDECLARED_SELECTOR = YES;
				GCC_WARN_UNINITIALIZED_AUTOS = YES_AGGRESSIVE;
				GCC_WARN_UNUSED_FUNCTION = YES;
				GCC_WARN_UNUSED_VARIABLE = YES;
				IPHONEOS_DEPLOYMENT_TARGET = 13.2;
				MTL_ENABLE_DEBUG_INFO = NO;
				MTL_FAST_MATH = YES;
				SDKROOT = iphoneos;
				SWIFT_COMPILATION_MODE = wholemodule;
				SWIFT_OPTIMIZATION_LEVEL = "-O";
				VALIDATE_PRODUCT = YES;
			};
			name = Release;
		};
		8F9196AE251B99A500961E1A /* Debug */ = {
			isa = XCBuildConfiguration;
			buildSettings = {
				ASSETCATALOG_COMPILER_APPICON_NAME = AppIcon;
				CODE_SIGN_STYLE = Automatic;
				INFOPLIST_FILE = IniNotesV3/Info.plist;
				LD_RUNPATH_SEARCH_PATHS = (
					"$(inherited)",
					"@executable_path/Frameworks",
				);
				PRODUCT_BUNDLE_IDENTIFIER = com.appIDS.IniNotesV3;
				PRODUCT_NAME = "$(TARGET_NAME)";
				SWIFT_VERSION = 5.0;
				TARGETED_DEVICE_FAMILY = "1,2";
			};
			name = Debug;
		};
		8F9196AF251B99A500961E1A /* Release */ = {
			isa = XCBuildConfiguration;
			buildSettings = {
				ASSETCATALOG_COMPILER_APPICON_NAME = AppIcon;
				CODE_SIGN_STYLE = Automatic;
				INFOPLIST_FILE = IniNotesV3/Info.plist;
				LD_RUNPATH_SEARCH_PATHS = (
					"$(inherited)",
					"@executable_path/Frameworks",
				);
				PRODUCT_BUNDLE_IDENTIFIER = com.appIDS.IniNotesV3;
				PRODUCT_NAME = "$(TARGET_NAME)";
				SWIFT_VERSION = 5.0;
				TARGETED_DEVICE_FAMILY = "1,2";
			};
			name = Release;
		};
/* End XCBuildConfiguration section */

/* Begin XCConfigurationList section */
		8F919691251B99A200961E1A /* Build configuration list for PBXProject "IniNotesV3" */ = {
			isa = XCConfigurationList;
			buildConfigurations = (
				8F9196AB251B99A500961E1A /* Debug */,
				8F9196AC251B99A500961E1A /* Release */,
			);
			defaultConfigurationIsVisible = 0;
			defaultConfigurationName = Release;
		};
		8F9196AD251B99A500961E1A /* Build configuration list for PBXNativeTarget "IniNotesV3" */ = {
			isa = XCConfigurationList;
			buildConfigurations = (
				8F9196AE251B99A500961E1A /* Debug */,
				8F9196AF251B99A500961E1A /* Release */,
			);
			defaultConfigurationIsVisible = 0;
			defaultConfigurationName = Release;
		};
/* End XCConfigurationList section */

/* Begin XCVersionGroup section */
		8F9196A2251B99A200961E1A /* IniNotesV3.xcdatamodeld */ = {
			isa = XCVersionGroup;
			children = (
				8F9196A3251B99A200961E1A /* IniNotesV3.xcdatamodel */,
			);
			currentVersion = 8F9196A3251B99A200961E1A /* IniNotesV3.xcdatamodel */;
			path = IniNotesV3.xcdatamodeld;
			sourceTree = "<group>";
			versionGroupType = wrapper.xcdatamodel;
		};
/* End XCVersionGroup section */
	};
	rootObject = 8F91968E251B99A200961E1A /* Project object */;
}
